
Microsoft Visual Studio Solution File, Format Version 12.00
# Visual Studio 15
Project("{FAE04EC0-301F-11D3-BF4B-00C04F79EFBC}") = "KillerNinja", "Assembly-CSharp.csproj", "{824C1263-09AF-7983-0529-C99E5F9E5C19}"
EndProject
Project("{FAE04EC0-301F-11D3-BF4B-00C04F79EFBC}") = "KillerNinja", "Assembly-CSharp-Editor.csproj", "{01C89A19-7518-DA8A-9141-5A701B8632F3}"
EndProject
Global
	GlobalSection(SolutionConfigurationPlatforms) = preSolution
		Debug|Any CPU = Debug|Any CPU
		Release|Any CPU = Release|Any CPU
	EndGlobalSection
	GlobalSection(ProjectConfigurationPlatforms) = postSolution
		{824C1263-09AF-7983-0529-C99E5F9E5C19}.Debug|Any CPU.ActiveCfg = Debug|Any CPU
		{824C1263-09AF-7983-0529-C99E5F9E5C19}.Debug|Any CPU.Build.0 = Debug|Any CPU
		{824C1263-09AF-7983-0529-C99E5F9E5C19}.Release|Any CPU.ActiveCfg = Release|Any CPU
		{824C1263-09AF-7983-0529-C99E5F9E5C19}.Release|Any CPU.Build.0 = Release|Any CPU
		{01C89A19-7518-DA8A-9141-5A701B8632F3}.Debug|Any CPU.ActiveCfg = Debug|Any CPU
		{01C89A19-7518-DA8A-9141-5A701B8632F3}.Debug|Any CPU.Build.0 = Debug|Any CPU
		{01C89A19-7518-DA8A-9141-5A701B8632F3}.Release|Any CPU.ActiveCfg = Release|Any CPU
		{01C89A19-7518-DA8A-9141-5A701B8632F3}.Release|Any CPU.Build.0 = Release|Any CPU
	EndGlobalSection
	GlobalSection(SolutionProperties) = preSolution
		HideSolutionNode = FALSE
	EndGlobalSection
EndGlobal
