
Microsoft Visual Studio Solution File, Format Version 12.00
# Visual Studio 15
Project("{FAE04EC0-301F-11D3-BF4B-00C04F79EFBC}") = "Character things", "Assembly-CSharp.csproj", "{4F5037C7-3A60-3B2B-C410-9AE62A953DFD}"
EndProject
Project("{FAE04EC0-301F-11D3-BF4B-00C04F79EFBC}") = "Character things", "Assembly-CSharp-firstpass.csproj", "{D00055A8-13EE-DB0A-813C-04F03C896E40}"
EndProject
Project("{FAE04EC0-301F-11D3-BF4B-00C04F79EFBC}") = "Character things", "Assembly-CSharp-Editor-firstpass.csproj", "{B28FE7CB-BCF5-14E8-59BB-1CE68AE3F245}"
EndProject
Global
	GlobalSection(SolutionConfigurationPlatforms) = preSolution
		Debug|Any CPU = Debug|Any CPU
		Release|Any CPU = Release|Any CPU
	EndGlobalSection
	GlobalSection(ProjectConfigurationPlatforms) = postSolution
		{4F5037C7-3A60-3B2B-C410-9AE62A953DFD}.Debug|Any CPU.ActiveCfg = Debug|Any CPU
		{4F5037C7-3A60-3B2B-C410-9AE62A953DFD}.Debug|Any CPU.Build.0 = Debug|Any CPU
		{4F5037C7-3A60-3B2B-C410-9AE62A953DFD}.Release|Any CPU.ActiveCfg = Release|Any CPU
		{4F5037C7-3A60-3B2B-C410-9AE62A953DFD}.Release|Any CPU.Build.0 = Release|Any CPU
		{D00055A8-13EE-DB0A-813C-04F03C896E40}.Debug|Any CPU.ActiveCfg = Debug|Any CPU
		{D00055A8-13EE-DB0A-813C-04F03C896E40}.Debug|Any CPU.Build.0 = Debug|Any CPU
		{D00055A8-13EE-DB0A-813C-04F03C896E40}.Release|Any CPU.ActiveCfg = Release|Any CPU
		{D00055A8-13EE-DB0A-813C-04F03C896E40}.Release|Any CPU.Build.0 = Release|Any CPU
		{B28FE7CB-BCF5-14E8-59BB-1CE68AE3F245}.Debug|Any CPU.ActiveCfg = Debug|Any CPU
		{B28FE7CB-BCF5-14E8-59BB-1CE68AE3F245}.Debug|Any CPU.Build.0 = Debug|Any CPU
		{B28FE7CB-BCF5-14E8-59BB-1CE68AE3F245}.Release|Any CPU.ActiveCfg = Release|Any CPU
		{B28FE7CB-BCF5-14E8-59BB-1CE68AE3F245}.Release|Any CPU.Build.0 = Release|Any CPU
	EndGlobalSection
	GlobalSection(SolutionProperties) = preSolution
		HideSolutionNode = FALSE
	EndGlobalSection
EndGlobal
